// !$*UTF8*$!
{
	archiveVersion = 1;
	classes = {
	};
	objectVersion = 46;
	objects = {

/* Begin PBXBuildFile section */
		160517201DBF785E00F16131 /* AppDelegate.swift in Sources */ = {isa = PBXBuildFile; fileRef = 1605171F1DBF785E00F16131 /* AppDelegate.swift */; };
		160517221DBF785E00F16131 /* ViewController.swift in Sources */ = {isa = PBXBuildFile; fileRef = 160517211DBF785E00F16131 /* ViewController.swift */; };
		160517251DBF785E00F16131 /* Main.storyboard in Resources */ = {isa = PBXBuildFile; fileRef = 160517231DBF785E00F16131 /* Main.storyboard */; };
		160517271DBF785E00F16131 /* lucknow in Resources */ = {isa = PBXBuildFile; fileRef = 160517261DBF785E00F16131 /* lucknow */; };
		1605172A1DBF785E00F16131 /* LaunchScreen.storyboard in Resources */ = {isa = PBXBuildFile; fileRef = 160517281DBF785E00F16131 /* LaunchScreen.storyboard */; };
		160517331DBF787E00F16131 /* SystemConfiguration.framework in Frameworks */ = {isa = PBXBuildFile; fileRef = 160517321DBF787E00F16131 /* SystemConfiguration.framework */; };
		160517361DBF802000F16131 /* HUBComponentLayoutManager.swift in Sources */ = {isa = PBXBuildFile; fileRef = 160517351DBF802000F16131 /* HUBComponentLayoutManager.swift */; };
		16057E651DD5AEFF0013FC87 /* JSON_custom_schema_Banner.swift in Sources */ = {isa = PBXBuildFile; fileRef = 16057E641DD5AEFF0013FC87 /* JSON_custom_schema_Banner.swift */; };
		16057E691DD5D5330013FC87 /* FoodContentOperationFactory.swift in Sources */ = {isa = PBXBuildFile; fileRef = 16057E681DD5D5330013FC87 /* FoodContentOperationFactory.swift */; };
		16057E6B1DD5E3790013FC87 /* FoodContent_generalized_JSON_operation.swift in Sources */ = {isa = PBXBuildFile; fileRef = 16057E6A1DD5E3790013FC87 /* FoodContent_generalized_JSON_operation.swift */; };
		16072D121DF558F7000AEDF3 /* CitiesContentAction.swift in Sources */ = {isa = PBXBuildFile; fileRef = 16072D111DF558F7000AEDF3 /* CitiesContentAction.swift */; };
		16072D141DF5657D000AEDF3 /* CitiesContentActionFactory.swift in Sources */ = {isa = PBXBuildFile; fileRef = 16072D131DF5657D000AEDF3 /* CitiesContentActionFactory.swift */; };
		16072D161DF59BC8000AEDF3 /* ComponentButton.swift in Sources */ = {isa = PBXBuildFile; fileRef = 16072D151DF59BC8000AEDF3 /* ComponentButton.swift */; };
		160763AB1E03C77F007C0AE2 /* URI.swift in Sources */ = {isa = PBXBuildFile; fileRef = 160763AA1E03C77F007C0AE2 /* URI.swift */; };
		1609DB1E1DC7B7C4005BEF62 /* ComponentFactory.swift in Sources */ = {isa = PBXBuildFile; fileRef = 1609DB1D1DC7B7C4005BEF62 /* ComponentFactory.swift */; };
		160AC4551DD48C88001BD72C /* lucknow1 in Resources */ = {isa = PBXBuildFile; fileRef = 160AC4541DD48C88001BD72C /* lucknow1 */; };
		160AC4571DD4A0BA001BD72C /* dcs-json.json in Resources */ = {isa = PBXBuildFile; fileRef = 160AC4561DD4A0BA001BD72C /* dcs-json.json */; };
		16111CE91DC1C967000603D6 /* CitiesContentOperationFactory.swift in Sources */ = {isa = PBXBuildFile; fileRef = 16111CE81DC1C967000603D6 /* CitiesContentOperationFactory.swift */; };
		16160CA21DC9D690005BBC9E /* CitiesImageComponent.swift in Sources */ = {isa = PBXBuildFile; fileRef = 16160CA11DC9D690005BBC9E /* CitiesImageComponent.swift */; };
		16160CA41DC9F0AE005BBC9E /* CitiesImageContentOperation.swift in Sources */ = {isa = PBXBuildFile; fileRef = 16160CA31DC9F0AE005BBC9E /* CitiesImageContentOperation.swift */; };
		16160CA61DCA0756005BBC9E /* city-images.json in Resources */ = {isa = PBXBuildFile; fileRef = 16160CA51DCA0756005BBC9E /* city-images.json */; };
		16172DFF1DC094CB0059D248 /* ComponentFallbackHandler.swift in Sources */ = {isa = PBXBuildFile; fileRef = 16172DFE1DC094CB0059D248 /* ComponentFallbackHandler.swift */; };
		16172E021DC0DEFC0059D248 /* CitiesContentOperation.swift in Sources */ = {isa = PBXBuildFile; fileRef = 16172E011DC0DEFC0059D248 /* CitiesContentOperation.swift */; };
		16452A981DD348B90076657C /* Banner.xib in Resources */ = {isa = PBXBuildFile; fileRef = 16452A971DD348B90076657C /* Banner.xib */; };
		16452A9A1DD348F10076657C /* Banner.swift in Sources */ = {isa = PBXBuildFile; fileRef = 16452A991DD348F10076657C /* Banner.swift */; };
		16452A9C1DD349990076657C /* ComponentBanner.swift in Sources */ = {isa = PBXBuildFile; fileRef = 16452A9B1DD349990076657C /* ComponentBanner.swift */; };
		168590731E028F9200F4A45E /* FoodContent_custom_JSON_operation.swift in Sources */ = {isa = PBXBuildFile; fileRef = 168590721E028F9200F4A45E /* FoodContent_custom_JSON_operation.swift */; };
		16E52F941DDF00A900CADB76 /* RootFeatureOperationFactory.swift in Sources */ = {isa = PBXBuildFile; fileRef = 16E52F931DDF00A900CADB76 /* RootFeatureOperationFactory.swift */; };
		16E52F961DDF00F100CADB76 /* RootContentOperation_list.swift in Sources */ = {isa = PBXBuildFile; fileRef = 16E52F951DDF00F100CADB76 /* RootContentOperation_list.swift */; };
		16E52F9A1DDF045E00CADB76 /* food_hubFrm_default.json in Resources */ = {isa = PBXBuildFile; fileRef = 16E52F991DDF045E00CADB76 /* food_hubFrm_default.json */; };
		16FA58711DDB3B5800DC2101 /* ComponentPlainView.swift in Sources */ = {isa = PBXBuildFile; fileRef = 16FA58701DDB3B5800DC2101 /* ComponentPlainView.swift */; };
		16FC15691DF9379E00DE2F8E /* Cities_carousal_PayTM.swift in Sources */ = {isa = PBXBuildFile; fileRef = 16FC15681DF9379E00DE2F8E /* Cities_carousal_PayTM.swift */; };
		16FC156B1DF9477F00DE2F8E /* carouselCell.xib in Resources */ = {isa = PBXBuildFile; fileRef = 16FC156A1DF9477F00DE2F8E /* carouselCell.xib */; };
		16FC156D1DF9733F00DE2F8E /* CarouselCollectionCell.swift in Sources */ = {isa = PBXBuildFile; fileRef = 16FC156C1DF9733F00DE2F8E /* CarouselCollectionCell.swift */; };
		16FF07EE1DC33CCF00A072BF /* CitiesRowComponent.swift in Sources */ = {isa = PBXBuildFile; fileRef = 16FF07ED1DC33CCF00A072BF /* CitiesRowComponent.swift */; };
		351EC4EB9E8B2D92D208B31C /* Pods_hubFramework_prac_test1.framework in Frameworks */ = {isa = PBXBuildFile; fileRef = 764082FF4BB76F0164769F30 /* Pods_hubFramework_prac_test1.framework */; };
/* End PBXBuildFile section */

/* Begin PBXFileReference section */
		1605171C1DBF785E00F16131 /* hubFramework_prac_test1.app */ = {isa = PBXFileReference; explicitFileType = wrapper.application; includeInIndex = 0; path = hubFramework_prac_test1.app; sourceTree = BUILT_PRODUCTS_DIR; };
		1605171F1DBF785E00F16131 /* AppDelegate.swift */ = {isa = PBXFileReference; lastKnownFileType = sourcecode.swift; path = AppDelegate.swift; sourceTree = "<group>"; };
		160517211DBF785E00F16131 /* ViewController.swift */ = {isa = PBXFileReference; lastKnownFileType = sourcecode.swift; path = ViewController.swift; sourceTree = "<group>"; };
		160517241DBF785E00F16131 /* Base */ = {isa = PBXFileReference; lastKnownFileType = file.storyboard; name = Base; path = Base.lproj/Main.storyboard; sourceTree = "<group>"; };
		160517261DBF785E00F16131 /* lucknow */ = {isa = PBXFileReference; lastKnownFileType = folder; path = lucknow; sourceTree = "<group>"; };
		160517291DBF785E00F16131 /* Base */ = {isa = PBXFileReference; lastKnownFileType = file.storyboard; name = Base; path = Base.lproj/LaunchScreen.storyboard; sourceTree = "<group>"; };
		1605172B1DBF785E00F16131 /* Info.plist */ = {isa = PBXFileReference; lastKnownFileType = text.plist.xml; path = Info.plist; sourceTree = "<group>"; };
		160517321DBF787E00F16131 /* SystemConfiguration.framework */ = {isa = PBXFileReference; lastKnownFileType = wrapper.framework; name = SystemConfiguration.framework; path = System/Library/Frameworks/SystemConfiguration.framework; sourceTree = SDKROOT; };
		160517351DBF802000F16131 /* HUBComponentLayoutManager.swift */ = {isa = PBXFileReference; fileEncoding = 4; lastKnownFileType = sourcecode.swift; path = HUBComponentLayoutManager.swift; sourceTree = "<group>"; };
		16057E641DD5AEFF0013FC87 /* JSON_custom_schema_Banner.swift */ = {isa = PBXFileReference; fileEncoding = 4; lastKnownFileType = sourcecode.swift; path = JSON_custom_schema_Banner.swift; sourceTree = "<group>"; };
		16057E681DD5D5330013FC87 /* FoodContentOperationFactory.swift */ = {isa = PBXFileReference; fileEncoding = 4; lastKnownFileType = sourcecode.swift; path = FoodContentOperationFactory.swift; sourceTree = "<group>"; };
		16057E6A1DD5E3790013FC87 /* FoodContent_generalized_JSON_operation.swift */ = {isa = PBXFileReference; fileEncoding = 4; lastKnownFileType = sourcecode.swift; path = FoodContent_generalized_JSON_operation.swift; sourceTree = "<group>"; };
		16072D111DF558F7000AEDF3 /* CitiesContentAction.swift */ = {isa = PBXFileReference; fileEncoding = 4; lastKnownFileType = sourcecode.swift; path = CitiesContentAction.swift; sourceTree = "<group>"; };
		16072D131DF5657D000AEDF3 /* CitiesContentActionFactory.swift */ = {isa = PBXFileReference; fileEncoding = 4; lastKnownFileType = sourcecode.swift; path = CitiesContentActionFactory.swift; sourceTree = "<group>"; };
		16072D151DF59BC8000AEDF3 /* ComponentButton.swift */ = {isa = PBXFileReference; fileEncoding = 4; lastKnownFileType = sourcecode.swift; path = ComponentButton.swift; sourceTree = "<group>"; };
		160763AA1E03C77F007C0AE2 /* URI.swift */ = {isa = PBXFileReference; fileEncoding = 4; lastKnownFileType = sourcecode.swift; path = URI.swift; sourceTree = "<group>"; };
		1609DB1D1DC7B7C4005BEF62 /* ComponentFactory.swift */ = {isa = PBXFileReference; fileEncoding = 4; lastKnownFileType = sourcecode.swift; path = ComponentFactory.swift; sourceTree = "<group>"; };
		160AC4541DD48C88001BD72C /* lucknow1 */ = {isa = PBXFileReference; lastKnownFileType = file; path = lucknow1; sourceTree = "<group>"; };
		160AC4561DD4A0BA001BD72C /* dcs-json.json */ = {isa = PBXFileReference; fileEncoding = 4; lastKnownFileType = text.json; path = "dcs-json.json"; sourceTree = "<group>"; };
		16111CE81DC1C967000603D6 /* CitiesContentOperationFactory.swift */ = {isa = PBXFileReference; fileEncoding = 4; lastKnownFileType = sourcecode.swift; path = CitiesContentOperationFactory.swift; sourceTree = "<group>"; };
		16160CA11DC9D690005BBC9E /* CitiesImageComponent.swift */ = {isa = PBXFileReference; fileEncoding = 4; lastKnownFileType = sourcecode.swift; path = CitiesImageComponent.swift; sourceTree = "<group>"; };
		16160CA31DC9F0AE005BBC9E /* CitiesImageContentOperation.swift */ = {isa = PBXFileReference; fileEncoding = 4; lastKnownFileType = sourcecode.swift; path = CitiesImageContentOperation.swift; sourceTree = "<group>"; };
		16160CA51DCA0756005BBC9E /* city-images.json */ = {isa = PBXFileReference; fileEncoding = 4; lastKnownFileType = text.json; path = "city-images.json"; sourceTree = "<group>"; };
		16172DFE1DC094CB0059D248 /* ComponentFallbackHandler.swift */ = {isa = PBXFileReference; fileEncoding = 4; lastKnownFileType = sourcecode.swift; path = ComponentFallbackHandler.swift; sourceTree = "<group>"; };
		16172E011DC0DEFC0059D248 /* CitiesContentOperation.swift */ = {isa = PBXFileReference; fileEncoding = 4; lastKnownFileType = sourcecode.swift; path = CitiesContentOperation.swift; sourceTree = "<group>"; };
		16452A971DD348B90076657C /* Banner.xib */ = {isa = PBXFileReference; fileEncoding = 4; lastKnownFileType = file.xib; path = Banner.xib; sourceTree = "<group>"; };
		16452A991DD348F10076657C /* Banner.swift */ = {isa = PBXFileReference; fileEncoding = 4; lastKnownFileType = sourcecode.swift; path = Banner.swift; sourceTree = "<group>"; };
		16452A9B1DD349990076657C /* ComponentBanner.swift */ = {isa = PBXFileReference; fileEncoding = 4; lastKnownFileType = sourcecode.swift; path = ComponentBanner.swift; sourceTree = "<group>"; };
		168590721E028F9200F4A45E /* FoodContent_custom_JSON_operation.swift */ = {isa = PBXFileReference; fileEncoding = 4; lastKnownFileType = sourcecode.swift; path = FoodContent_custom_JSON_operation.swift; sourceTree = "<group>"; };
		16E52F931DDF00A900CADB76 /* RootFeatureOperationFactory.swift */ = {isa = PBXFileReference; fileEncoding = 4; lastKnownFileType = sourcecode.swift; path = RootFeatureOperationFactory.swift; sourceTree = "<group>"; };
		16E52F951DDF00F100CADB76 /* RootContentOperation_list.swift */ = {isa = PBXFileReference; fileEncoding = 4; lastKnownFileType = sourcecode.swift; path = RootContentOperation_list.swift; sourceTree = "<group>"; };
		16E52F991DDF045E00CADB76 /* food_hubFrm_default.json */ = {isa = PBXFileReference; fileEncoding = 4; lastKnownFileType = text.json; path = food_hubFrm_default.json; sourceTree = "<group>"; };
		16FA58701DDB3B5800DC2101 /* ComponentPlainView.swift */ = {isa = PBXFileReference; fileEncoding = 4; lastKnownFileType = sourcecode.swift; path = ComponentPlainView.swift; sourceTree = "<group>"; };
		16FC15681DF9379E00DE2F8E /* Cities_carousal_PayTM.swift */ = {isa = PBXFileReference; fileEncoding = 4; lastKnownFileType = sourcecode.swift; path = Cities_carousal_PayTM.swift; sourceTree = "<group>"; };
		16FC156A1DF9477F00DE2F8E /* carouselCell.xib */ = {isa = PBXFileReference; fileEncoding = 4; lastKnownFileType = file.xib; path = carouselCell.xib; sourceTree = "<group>"; };
		16FC156C1DF9733F00DE2F8E /* CarouselCollectionCell.swift */ = {isa = PBXFileReference; fileEncoding = 4; lastKnownFileType = sourcecode.swift; path = CarouselCollectionCell.swift; sourceTree = "<group>"; };
		16FF07ED1DC33CCF00A072BF /* CitiesRowComponent.swift */ = {isa = PBXFileReference; fileEncoding = 4; lastKnownFileType = sourcecode.swift; path = CitiesRowComponent.swift; sourceTree = "<group>"; };
		1D0885D68CE2C4DC26607656 /* Pods-hubFramework_prac_test1.release.xcconfig */ = {isa = PBXFileReference; includeInIndex = 1; lastKnownFileType = text.xcconfig; name = "Pods-hubFramework_prac_test1.release.xcconfig"; path = "Pods/Target Support Files/Pods-hubFramework_prac_test1/Pods-hubFramework_prac_test1.release.xcconfig"; sourceTree = "<group>"; };
		2AB4D189D6142814407C1D78 /* Pods-hubFramework_prac_test1.debug.xcconfig */ = {isa = PBXFileReference; includeInIndex = 1; lastKnownFileType = text.xcconfig; name = "Pods-hubFramework_prac_test1.debug.xcconfig"; path = "Pods/Target Support Files/Pods-hubFramework_prac_test1/Pods-hubFramework_prac_test1.debug.xcconfig"; sourceTree = "<group>"; };
		764082FF4BB76F0164769F30 /* Pods_hubFramework_prac_test1.framework */ = {isa = PBXFileReference; explicitFileType = wrapper.framework; includeInIndex = 0; path = Pods_hubFramework_prac_test1.framework; sourceTree = BUILT_PRODUCTS_DIR; };
/* End PBXFileReference section */

/* Begin PBXFrameworksBuildPhase section */
		160517191DBF785E00F16131 /* Frameworks */ = {
			isa = PBXFrameworksBuildPhase;
			buildActionMask = 2147483647;
			files = (
				160517331DBF787E00F16131 /* SystemConfiguration.framework in Frameworks */,
				351EC4EB9E8B2D92D208B31C /* Pods_hubFramework_prac_test1.framework in Frameworks */,
			);
			runOnlyForDeploymentPostprocessing = 0;
		};
/* End PBXFrameworksBuildPhase section */

/* Begin PBXGroup section */
		160517131DBF785E00F16131 = {
			isa = PBXGroup;
			children = (
				1605171E1DBF785E00F16131 /* hubFramework_prac_test1 */,
				1605171D1DBF785E00F16131 /* Products */,
				160517311DBF787E00F16131 /* Frameworks */,
				77F9018847840D106A56BDC5 /* Pods */,
			);
			sourceTree = "<group>";
		};
		1605171D1DBF785E00F16131 /* Products */ = {
			isa = PBXGroup;
			children = (
				1605171C1DBF785E00F16131 /* hubFramework_prac_test1.app */,
			);
			name = Products;
			sourceTree = "<group>";
		};
		1605171E1DBF785E00F16131 /* hubFramework_prac_test1 */ = {
			isa = PBXGroup;
			children = (
				1605171F1DBF785E00F16131 /* AppDelegate.swift */,
				160517341DBF7FB000F16131 /* Hub_manager */,
				16FF07EC1DC33CA100A072BF /* component */,
				16057E661DD5D4800013FC87 /* Features */,
				16057E611DD5AE280013FC87 /* Utilities */,
				160517211DBF785E00F16131 /* ViewController.swift */,
				160AC4541DD48C88001BD72C /* lucknow1 */,
				160517231DBF785E00F16131 /* Main.storyboard */,
				160517261DBF785E00F16131 /* lucknow */,
				160517281DBF785E00F16131 /* LaunchScreen.storyboard */,
				1605172B1DBF785E00F16131 /* Info.plist */,
			);
			path = hubFramework_prac_test1;
			sourceTree = "<group>";
		};
		160517311DBF787E00F16131 /* Frameworks */ = {
			isa = PBXGroup;
			children = (
				160517321DBF787E00F16131 /* SystemConfiguration.framework */,
				764082FF4BB76F0164769F30 /* Pods_hubFramework_prac_test1.framework */,
			);
			name = Frameworks;
			sourceTree = "<group>";
		};
		160517341DBF7FB000F16131 /* Hub_manager */ = {
			isa = PBXGroup;
			children = (
				160517351DBF802000F16131 /* HUBComponentLayoutManager.swift */,
				16172DFE1DC094CB0059D248 /* ComponentFallbackHandler.swift */,
			);
			name = Hub_manager;
			sourceTree = "<group>";
		};
		16057E611DD5AE280013FC87 /* Utilities */ = {
			isa = PBXGroup;
			children = (
				16057E641DD5AEFF0013FC87 /* JSON_custom_schema_Banner.swift */,
				160763AA1E03C77F007C0AE2 /* URI.swift */,
			);
			name = Utilities;
			sourceTree = "<group>";
		};
		16057E661DD5D4800013FC87 /* Features */ = {
			isa = PBXGroup;
			children = (
				16E52F921DDF007200CADB76 /* Root */,
				16057E671DD5D4CD0013FC87 /* Food */,
				16172E001DC0DECB0059D248 /* cities */,
			);
			name = Features;
			sourceTree = "<group>";
		};
		16057E671DD5D4CD0013FC87 /* Food */ = {
			isa = PBXGroup;
			children = (
				16057E681DD5D5330013FC87 /* FoodContentOperationFactory.swift */,
				16057E6A1DD5E3790013FC87 /* FoodContent_generalized_JSON_operation.swift */,
				168590721E028F9200F4A45E /* FoodContent_custom_JSON_operation.swift */,
				160AC4561DD4A0BA001BD72C /* dcs-json.json */,
				16E52F991DDF045E00CADB76 /* food_hubFrm_default.json */,
			);
			name = Food;
			sourceTree = "<group>";
		};
		16172E001DC0DECB0059D248 /* cities */ = {
			isa = PBXGroup;
			children = (
				16111CE81DC1C967000603D6 /* CitiesContentOperationFactory.swift */,
				16172E011DC0DEFC0059D248 /* CitiesContentOperation.swift */,
				16160CA31DC9F0AE005BBC9E /* CitiesImageContentOperation.swift */,
				16160CA51DCA0756005BBC9E /* city-images.json */,
				16072D111DF558F7000AEDF3 /* CitiesContentAction.swift */,
				16072D131DF5657D000AEDF3 /* CitiesContentActionFactory.swift */,
			);
			name = cities;
			sourceTree = "<group>";
		};
		16E52F921DDF007200CADB76 /* Root */ = {
			isa = PBXGroup;
			children = (
				16E52F931DDF00A900CADB76 /* RootFeatureOperationFactory.swift */,
				16E52F951DDF00F100CADB76 /* RootContentOperation_list.swift */,
			);
			name = Root;
			sourceTree = "<group>";
		};
		16FF07EC1DC33CA100A072BF /* component */ = {
			isa = PBXGroup;
			children = (
				1609DB1D1DC7B7C4005BEF62 /* ComponentFactory.swift */,
				16FF07ED1DC33CCF00A072BF /* CitiesRowComponent.swift */,
				16160CA11DC9D690005BBC9E /* CitiesImageComponent.swift */,
				16452A9B1DD349990076657C /* ComponentBanner.swift */,
				16072D151DF59BC8000AEDF3 /* ComponentButton.swift */,
				16FA58701DDB3B5800DC2101 /* ComponentPlainView.swift */,
				16452A971DD348B90076657C /* Banner.xib */,
				16452A991DD348F10076657C /* Banner.swift */,
				16FC15681DF9379E00DE2F8E /* Cities_carousal_PayTM.swift */,
				16FC156A1DF9477F00DE2F8E /* carouselCell.xib */,
				16FC156C1DF9733F00DE2F8E /* CarouselCollectionCell.swift */,
			);
			name = component;
			sourceTree = "<group>";
		};
		77F9018847840D106A56BDC5 /* Pods */ = {
			isa = PBXGroup;
			children = (
				2AB4D189D6142814407C1D78 /* Pods-hubFramework_prac_test1.debug.xcconfig */,
				1D0885D68CE2C4DC26607656 /* Pods-hubFramework_prac_test1.release.xcconfig */,
			);
			name = Pods;
			sourceTree = "<group>";
		};
/* End PBXGroup section */

/* Begin PBXNativeTarget section */
		1605171B1DBF785E00F16131 /* hubFramework_prac_test1 */ = {
			isa = PBXNativeTarget;
			buildConfigurationList = 1605172E1DBF785E00F16131 /* Build configuration list for PBXNativeTarget "hubFramework_prac_test1" */;
			buildPhases = (
				8DFF6E68A0D50C857DAB52F7 /* [CP] Check Pods Manifest.lock */,
				160517181DBF785E00F16131 /* Sources */,
				160517191DBF785E00F16131 /* Frameworks */,
				1605171A1DBF785E00F16131 /* Resources */,
				099FF9691DE161BC634EC8C2 /* [CP] Embed Pods Frameworks */,
				089F8099C6C6F8BEFA545EAE /* [CP] Copy Pods Resources */,
			);
			buildRules = (
			);
			dependencies = (
			);
			name = hubFramework_prac_test1;
			productName = hubFramework_prac_test1;
			productReference = 1605171C1DBF785E00F16131 /* hubFramework_prac_test1.app */;
			productType = "com.apple.product-type.application";
		};
/* End PBXNativeTarget section */

/* Begin PBXProject section */
		160517141DBF785E00F16131 /* Project object */ = {
			isa = PBXProject;
			attributes = {
				LastSwiftUpdateCheck = 0800;
				LastUpgradeCheck = 0800;
				ORGANIZATIONNAME = Anant;
				TargetAttributes = {
					1605171B1DBF785E00F16131 = {
						CreatedOnToolsVersion = 8.0;
						ProvisioningStyle = Automatic;
					};
				};
			};
			buildConfigurationList = 160517171DBF785E00F16131 /* Build configuration list for PBXProject "hubFramework_prac_test1" */;
			compatibilityVersion = "Xcode 3.2";
			developmentRegion = English;
			hasScannedForEncodings = 0;
			knownRegions = (
				en,
				Base,
			);
			mainGroup = 160517131DBF785E00F16131;
			productRefGroup = 1605171D1DBF785E00F16131 /* Products */;
			projectDirPath = "";
			projectRoot = "";
			targets = (
				1605171B1DBF785E00F16131 /* hubFramework_prac_test1 */,
			);
		};
/* End PBXProject section */

/* Begin PBXResourcesBuildPhase section */
		1605171A1DBF785E00F16131 /* Resources */ = {
			isa = PBXResourcesBuildPhase;
			buildActionMask = 2147483647;
			files = (
				160AC4571DD4A0BA001BD72C /* dcs-json.json in Resources */,
				16160CA61DCA0756005BBC9E /* city-images.json in Resources */,
				160AC4551DD48C88001BD72C /* lucknow1 in Resources */,
				16FC156B1DF9477F00DE2F8E /* carouselCell.xib in Resources */,
				16452A981DD348B90076657C /* Banner.xib in Resources */,
				1605172A1DBF785E00F16131 /* LaunchScreen.storyboard in Resources */,
				160517271DBF785E00F16131 /* lucknow in Resources */,
				160517251DBF785E00F16131 /* Main.storyboard in Resources */,
				16E52F9A1DDF045E00CADB76 /* food_hubFrm_default.json in Resources */,
			);
			runOnlyForDeploymentPostprocessing = 0;
		};
/* End PBXResourcesBuildPhase section */

/* Begin PBXShellScriptBuildPhase section */
		089F8099C6C6F8BEFA545EAE /* [CP] Copy Pods Resources */ = {
			isa = PBXShellScriptBuildPhase;
			buildActionMask = 2147483647;
			files = (
			);
			inputPaths = (
			);
			name = "[CP] Copy Pods Resources";
			outputPaths = (
			);
			runOnlyForDeploymentPostprocessing = 0;
			shellPath = /bin/sh;
			shellScript = "\"${SRCROOT}/Pods/Target Support Files/Pods-hubFramework_prac_test1/Pods-hubFramework_prac_test1-resources.sh\"\n";
			showEnvVarsInLog = 0;
		};
		099FF9691DE161BC634EC8C2 /* [CP] Embed Pods Frameworks */ = {
			isa = PBXShellScriptBuildPhase;
			buildActionMask = 2147483647;
			files = (
			);
			inputPaths = (
			);
			name = "[CP] Embed Pods Frameworks";
			outputPaths = (
			);
			runOnlyForDeploymentPostprocessing = 0;
			shellPath = /bin/sh;
			shellScript = "\"${SRCROOT}/Pods/Target Support Files/Pods-hubFramework_prac_test1/Pods-hubFramework_prac_test1-frameworks.sh\"\n";
			showEnvVarsInLog = 0;
		};
		8DFF6E68A0D50C857DAB52F7 /* [CP] Check Pods Manifest.lock */ = {
			isa = PBXShellScriptBuildPhase;
			buildActionMask = 2147483647;
			files = (
			);
			inputPaths = (
			);
			name = "[CP] Check Pods Manifest.lock";
			outputPaths = (
			);
			runOnlyForDeploymentPostprocessing = 0;
			shellPath = /bin/sh;
			shellScript = "diff \"${PODS_ROOT}/../Podfile.lock\" \"${PODS_ROOT}/Manifest.lock\" > /dev/null\nif [[ $? != 0 ]] ; then\n    cat << EOM\nerror: The sandbox is not in sync with the Podfile.lock. Run 'pod install' or update your CocoaPods installation.\nEOM\n    exit 1\nfi\n";
			showEnvVarsInLog = 0;
		};
/* End PBXShellScriptBuildPhase section */

/* Begin PBXSourcesBuildPhase section */
		160517181DBF785E00F16131 /* Sources */ = {
			isa = PBXSourcesBuildPhase;
			buildActionMask = 2147483647;
			files = (
				16172E021DC0DEFC0059D248 /* CitiesContentOperation.swift in Sources */,
				16E52F961DDF00F100CADB76 /* RootContentOperation_list.swift in Sources */,
				16FC15691DF9379E00DE2F8E /* Cities_carousal_PayTM.swift in Sources */,
				16072D141DF5657D000AEDF3 /* CitiesContentActionFactory.swift in Sources */,
				16FC156D1DF9733F00DE2F8E /* CarouselCollectionCell.swift in Sources */,
				16E52F941DDF00A900CADB76 /* RootFeatureOperationFactory.swift in Sources */,
				16072D161DF59BC8000AEDF3 /* ComponentButton.swift in Sources */,
				16111CE91DC1C967000603D6 /* CitiesContentOperationFactory.swift in Sources */,
				168590731E028F9200F4A45E /* FoodContent_custom_JSON_operation.swift in Sources */,
				16160CA41DC9F0AE005BBC9E /* CitiesImageContentOperation.swift in Sources */,
				160763AB1E03C77F007C0AE2 /* URI.swift in Sources */,
				16160CA21DC9D690005BBC9E /* CitiesImageComponent.swift in Sources */,
				16057E691DD5D5330013FC87 /* FoodContentOperationFactory.swift in Sources */,
				16FA58711DDB3B5800DC2101 /* ComponentPlainView.swift in Sources */,
				16057E651DD5AEFF0013FC87 /* JSON_custom_schema_Banner.swift in Sources */,
				16452A9A1DD348F10076657C /* Banner.swift in Sources */,
				16452A9C1DD349990076657C /* ComponentBanner.swift in Sources */,
				160517221DBF785E00F16131 /* ViewController.swift in Sources */,
				160517361DBF802000F16131 /* HUBComponentLayoutManager.swift in Sources */,
				16057E6B1DD5E3790013FC87 /* FoodContent_generalized_JSON_operation.swift in Sources */,
				1609DB1E1DC7B7C4005BEF62 /* ComponentFactory.swift in Sources */,
				16172DFF1DC094CB0059D248 /* ComponentFallbackHandler.swift in Sources */,
				160517201DBF785E00F16131 /* AppDelegate.swift in Sources */,
				16FF07EE1DC33CCF00A072BF /* CitiesRowComponent.swift in Sources */,
				16072D121DF558F7000AEDF3 /* CitiesContentAction.swift in Sources */,
			);
			runOnlyForDeploymentPostprocessing = 0;
		};
/* End PBXSourcesBuildPhase section */

/* Begin PBXVariantGroup section */
		160517231DBF785E00F16131 /* Main.storyboard */ = {
			isa = PBXVariantGroup;
			children = (
				160517241DBF785E00F16131 /* Base */,
			);
			name = Main.storyboard;
			sourceTree = "<group>";
		};
		160517281DBF785E00F16131 /* LaunchScreen.storyboard */ = {
			isa = PBXVariantGroup;
			children = (
				160517291DBF785E00F16131 /* Base */,
			);
			name = LaunchScreen.storyboard;
			sourceTree = "<group>";
		};
/* End PBXVariantGroup section */

/* Begin XCBuildConfiguration section */
		1605172C1DBF785E00F16131 /* Debug */ = {
			isa = XCBuildConfiguration;
			buildSettings = {
				ALWAYS_SEARCH_USER_PATHS = NO;
				CLANG_ANALYZER_NONNULL = YES;
				CLANG_CXX_LANGUAGE_STANDARD = "gnu++0x";
				CLANG_CXX_LIBRARY = "libc++";
				CLANG_ENABLE_MODULES = YES;
				CLANG_ENABLE_OBJC_ARC = YES;
				CLANG_WARN_BOOL_CONVERSION = YES;
				CLANG_WARN_CONSTANT_CONVERSION = YES;
				CLANG_WARN_DIRECT_OBJC_ISA_USAGE = YES_ERROR;
				CLANG_WARN_DOCUMENTATION_COMMENTS = YES;
				CLANG_WARN_EMPTY_BODY = YES;
				CLANG_WARN_ENUM_CONVERSION = YES;
				CLANG_WARN_INFINITE_RECURSION = YES;
				CLANG_WARN_INT_CONVERSION = YES;
				CLANG_WARN_OBJC_ROOT_CLASS = YES_ERROR;
				CLANG_WARN_SUSPICIOUS_MOVES = YES;
				CLANG_WARN_UNREACHABLE_CODE = YES;
				CLANG_WARN__DUPLICATE_METHOD_MATCH = YES;
				"CODE_SIGN_IDENTITY[sdk=iphoneos*]" = "iPhone Developer";
				COPY_PHASE_STRIP = NO;
				DEBUG_INFORMATION_FORMAT = dwarf;
				ENABLE_STRICT_OBJC_MSGSEND = YES;
				ENABLE_TESTABILITY = YES;
				GCC_C_LANGUAGE_STANDARD = gnu99;
				GCC_DYNAMIC_NO_PIC = NO;
				GCC_NO_COMMON_BLOCKS = YES;
				GCC_OPTIMIZATION_LEVEL = 0;
				GCC_PREPROCESSOR_DEFINITIONS = (
					"DEBUG=1",
					"$(inherited)",
				);
				GCC_WARN_64_TO_32_BIT_CONVERSION = YES;
				GCC_WARN_ABOUT_RETURN_TYPE = YES_ERROR;
				GCC_WARN_UNDECLARED_SELECTOR = YES;
				GCC_WARN_UNINITIALIZED_AUTOS = YES_AGGRESSIVE;
				GCC_WARN_UNUSED_FUNCTION = YES;
				GCC_WARN_UNUSED_VARIABLE = YES;
				IPHONEOS_DEPLOYMENT_TARGET = 10.0;
				MTL_ENABLE_DEBUG_INFO = YES;
				ONLY_ACTIVE_ARCH = YES;
				SDKROOT = iphoneos;
				SWIFT_ACTIVE_COMPILATION_CONDITIONS = DEBUG;
				SWIFT_OPTIMIZATION_LEVEL = "-Onone";
			};
			name = Debug;
		};
		1605172D1DBF785E00F16131 /* Release */ = {
			isa = XCBuildConfiguration;
			buildSettings = {
				ALWAYS_SEARCH_USER_PATHS = NO;
				CLANG_ANALYZER_NONNULL = YES;
				CLANG_CXX_LANGUAGE_STANDARD = "gnu++0x";
				CLANG_CXX_LIBRARY = "libc++";
				CLANG_ENABLE_MODULES = YES;
				CLANG_ENABLE_OBJC_ARC = YES;
				CLANG_WARN_BOOL_CONVERSION = YES;
				CLANG_WARN_CONSTANT_CONVERSION = YES;
				CLANG_WARN_DIRECT_OBJC_ISA_USAGE = YES_ERROR;
				CLANG_WARN_DOCUMENTATION_COMMENTS = YES;
				CLANG_WARN_EMPTY_BODY = YES;
				CLANG_WARN_ENUM_CONVERSION = YES;
				CLANG_WARN_INFINITE_RECURSION = YES;
				CLANG_WARN_INT_CONVERSION = YES;
				CLANG_WARN_OBJC_ROOT_CLASS = YES_ERROR;
				CLANG_WARN_SUSPICIOUS_MOVES = YES;
				CLANG_WARN_UNREACHABLE_CODE = YES;
				CLANG_WARN__DUPLICATE_METHOD_MATCH = YES;
				"CODE_SIGN_IDENTITY[sdk=iphoneos*]" = "iPhone Developer";
				COPY_PHASE_STRIP = NO;
				DEBUG_INFORMATION_FORMAT = "dwarf-with-dsym";
				ENABLE_NS_ASSERTIONS = NO;
				ENABLE_STRICT_OBJC_MSGSEND = YES;
				GCC_C_LANGUAGE_STANDARD = gnu99;
				GCC_NO_COMMON_BLOCKS = YES;
				GCC_WARN_64_TO_32_BIT_CONVERSION = YES;
				GCC_WARN_ABOUT_RETURN_TYPE = YES_ERROR;
				GCC_WARN_UNDECLARED_SELECTOR = YES;
				GCC_WARN_UNINITIALIZED_AUTOS = YES_AGGRESSIVE;
				GCC_WARN_UNUSED_FUNCTION = YES;
				GCC_WARN_UNUSED_VARIABLE = YES;
				IPHONEOS_DEPLOYMENT_TARGET = 10.0;
				MTL_ENABLE_DEBUG_INFO = NO;
				SDKROOT = iphoneos;
				SWIFT_OPTIMIZATION_LEVEL = "-Owholemodule";
				VALIDATE_PRODUCT = YES;
			};
			name = Release;
		};
		1605172F1DBF785E00F16131 /* Debug */ = {
			isa = XCBuildConfiguration;
			baseConfigurationReference = 2AB4D189D6142814407C1D78 /* Pods-hubFramework_prac_test1.debug.xcconfig */;
			buildSettings = {
				ASSETCATALOG_COMPILER_APPICON_NAME = AppIcon;
				INFOPLIST_FILE = hubFramework_prac_test1/Info.plist;
				LD_RUNPATH_SEARCH_PATHS = "$(inherited) @executable_path/Frameworks";
				PRODUCT_BUNDLE_IDENTIFIER = "com.anant.hubFramework-prac-test1";
				PRODUCT_NAME = "$(TARGET_NAME)";
				SWIFT_VERSION = 3.0;
			};
			name = Debug;
		};
		160517301DBF785E00F16131 /* Release */ = {
			isa = XCBuildConfiguration;
			baseConfigurationReference = 1D0885D68CE2C4DC26607656 /* Pods-hubFramework_prac_test1.release.xcconfig */;
			buildSettings = {
				ASSETCATALOG_COMPILER_APPICON_NAME = AppIcon;
				INFOPLIST_FILE = hubFramework_prac_test1/Info.plist;
				LD_RUNPATH_SEARCH_PATHS = "$(inherited) @executable_path/Frameworks";
				PRODUCT_BUNDLE_IDENTIFIER = "com.anant.hubFramework-prac-test1";
				PRODUCT_NAME = "$(TARGET_NAME)";
				SWIFT_VERSION = 3.0;
			};
			name = Release;
		};
/* End XCBuildConfiguration section */

/* Begin XCConfigurationList section */
		160517171DBF785E00F16131 /* Build configuration list for PBXProject "hubFramework_prac_test1" */ = {
			isa = XCConfigurationList;
			buildConfigurations = (
				1605172C1DBF785E00F16131 /* Debug */,
				1605172D1DBF785E00F16131 /* Release */,
			);
			defaultConfigurationIsVisible = 0;
			defaultConfigurationName = Release;
		};
		1605172E1DBF785E00F16131 /* Build configuration list for PBXNativeTarget "hubFramework_prac_test1" */ = {
			isa = XCConfigurationList;
			buildConfigurations = (
				1605172F1DBF785E00F16131 /* Debug */,
				160517301DBF785E00F16131 /* Release */,
			);
			defaultConfigurationIsVisible = 0;
			defaultConfigurationName = Release;
		};
/* End XCConfigurationList section */
	};
	rootObject = 160517141DBF785E00F16131 /* Project object */;
}
